# THIS IS AN AUTOGENERATED FILE. DO NOT EDIT THIS FILE DIRECTLY.
# yarn lockfile v1


"backbone@>= 1.1.2":
  version "1.3.3"
  resolved "https://registry.yarnpkg.com/backbone/-/backbone-1.3.3.tgz#4cc80ea7cb1631ac474889ce40f2f8bc683b2999"
  dependencies:
    underscore ">=1.8.3"

paper@^0.11.5:
  version "0.11.5"
  resolved "https://registry.yarnpkg.com/paper/-/paper-0.11.5.tgz#d662de67bce8218c287bfe17586d099d2cc48040"

"requestanimationframe@>= 0.0.22":
  version "0.0.23"
  resolved "https://registry.yarnpkg.com/requestanimationframe/-/requestanimationframe-0.0.23.tgz#ed79972ec0a052df8acc6b91c5750cb19e7f0908"

two.js@^0.6.0:
  version "0.6.0"
  resolved "https://registry.yarnpkg.com/two.js/-/two.js-0.6.0.tgz#f24199d80df8bfc15fcab277b9dc76f0b11a9bb3"
  dependencies:
    backbone ">= 1.1.2"
    requestanimationframe ">= 0.0.22"
    underscore ">= 1.5.0"

"underscore@>= 1.5.0", underscore@>=1.8.3:
  version "1.8.3"
  resolved "https://registry.yarnpkg.com/underscore/-/underscore-1.8.3.tgz#4f3fb53b106e6097fcf9cb4109f2a5e9bdfa5022"
